<?xml version="1.0" encoding="utf-8"?>
<Project ToolsVersion="12.0" xmlns="http://schemas.microsoft.com/developer/msbuild/2003">
  <ItemGroup>
    <ClCompile Include="$(ProjectDir)/../../../include/$(ProjectName)/ex6_1.hpp"><Filter>include</Filter></ClCompile>
    <ClCompile Include="$(ProjectDir)/../../../include/$(ProjectName)/ex6_2.hpp"><Filter>include</Filter></ClCompile>
    <ClCompile Include="$(ProjectDir)/../../../include/$(ProjectName)/ex6_3.hpp"><Filter>include</Filter></ClCompile>
    <ClCompile Include="$(ProjectDir)/../../../include/$(ProjectName)/ex6_4.hpp"><Filter>include</Filter></ClCompile>
    <ClCompile Include="$(ProjectDir)/../../../include/$(ProjectName)/ex6_5.hpp"><Filter>include</Filter></ClCompile>
    <ClCompile Include="$(ProjectDir)/../../../include/$(ProjectName)/ex6_6.hpp"><Filter>include</Filter></ClCompile>
    <ClCompile Include="$(ProjectDir)/../../../src/$(ProjectName)/ex6_1.cpp"><Filter>src</Filter></ClCompile>
    <ClCompile Include="$(ProjectDir)/../../../src/$(ProjectName)/ex6_2.cpp"><Filter>src</Filter></ClCompile>
    <ClCompile Include="$(ProjectDir)/../../../src/$(ProjectName)/ex6_3.cpp"><Filter>src</Filter></ClCompile>
    <ClCompile Include="$(ProjectDir)/../../../src/$(ProjectName)/ex6_4.cpp"><Filter>src</Filter></ClCompile>
    <ClCompile Include="$(ProjectDir)/../../../src/$(ProjectName)/ex6_5.cpp"><Filter>src</Filter></ClCompile>
    <ClCompile Include="$(ProjectDir)/../../../src/$(ProjectName)/ex6_6.cpp"><Filter>src</Filter></ClCompile>
    <ClCompile Include="$(ProjectDir)/../../../src/$(ProjectName)/main.cpp"><Filter>src</Filter></ClCompile>
  </ItemGroup>
  <ItemGroup>
    <Filter Include="src">
      <UniqueIdentifier>{efe99a6e-c3ba-4231-8c91-a764de061c1e}</UniqueIdentifier>
    </Filter>
    <Filter Include="include">
      <UniqueIdentifier>{71740702-7457-439b-b27a-15851b5c6854}</UniqueIdentifier>
    </Filter>
  </ItemGroup>
</Project>