<?xml version="1.0" encoding="utf-8"?>
<Project ToolsVersion="12.0" xmlns="http://schemas.microsoft.com/developer/msbuild/2003">
  <ItemGroup>
    <ClCompile Include="$(ProjectDir)/../../../include/$(ProjectName)/ex15_1.hpp"><Filter>include</Filter></ClCompile>
    <ClCompile Include="$(ProjectDir)/../../../include/$(ProjectName)/ex15_2.hpp"><Filter>include</Filter></ClCompile>
    <ClCompile Include="$(ProjectDir)/../../../include/$(ProjectName)/ex15_3.hpp"><Filter>include</Filter></ClCompile>
    <ClCompile Include="$(ProjectDir)/../../../include/$(ProjectName)/ex15_4.hpp"><Filter>include</Filter></ClCompile>
    <ClCompile Include="$(ProjectDir)/../../../include/$(ProjectName)/ex15_5.hpp"><Filter>include</Filter></ClCompile>
    <ClCompile Include="$(ProjectDir)/../../../include/$(ProjectName)/ex15_6.hpp"><Filter>include</Filter></ClCompile>
    <ClCompile Include="$(ProjectDir)/../../../include/$(ProjectName)/ex15_7.hpp"><Filter>include</Filter></ClCompile>
    <ClCompile Include="$(ProjectDir)/../../../src/$(ProjectName)/ex15_1.cpp"><Filter>src</Filter></ClCompile>
    <ClCompile Include="$(ProjectDir)/../../../src/$(ProjectName)/ex15_2.cpp"><Filter>src</Filter></ClCompile>
    <ClCompile Include="$(ProjectDir)/../../../src/$(ProjectName)/ex15_3.cpp"><Filter>src</Filter></ClCompile>
    <ClCompile Include="$(ProjectDir)/../../../src/$(ProjectName)/ex15_4.cpp"><Filter>src</Filter></ClCompile>
    <ClCompile Include="$(ProjectDir)/../../../src/$(ProjectName)/ex15_5.cpp"><Filter>src</Filter></ClCompile>
    <ClCompile Include="$(ProjectDir)/../../../src/$(ProjectName)/ex15_6.cpp"><Filter>src</Filter></ClCompile>
    <ClCompile Include="$(ProjectDir)/../../../src/$(ProjectName)/ex15_7.cpp"><Filter>src</Filter></ClCompile>
    <ClCompile Include="$(ProjectDir)/../../../src/$(ProjectName)/main.cpp"><Filter>src</Filter></ClCompile>
  </ItemGroup>
  <ItemGroup>
    <Filter Include="src">
      <UniqueIdentifier>{45376f1a-1a31-470f-9155-6b4593f4c544}</UniqueIdentifier>
    </Filter>
    <Filter Include="include">
      <UniqueIdentifier>{e250326e-9154-4d45-8f7f-88552ebd7fb0}</UniqueIdentifier>
    </Filter>
  </ItemGroup>
</Project>