
Microsoft Visual Studio Solution File, Format Version 12.00
# Visual Studio 2013
VisualStudioVersion = 12.0.31101.0
MinimumVisualStudioVersion = 10.0.40219.1
Project("{8BC9CEB8-8B4A-11D0-8D11-00A0C91BC942}") = "ch01", "ch01\ch01.vcxproj", "{AD14E89F-0753-417B-B0B6-E7FFCF45D51D}"
EndProject
Project("{8BC9CEB8-8B4A-11D0-8D11-00A0C91BC942}") = "ch02", "ch02\ch02.vcxproj", "{A61EC22F-4FBF-4869-AF1F-BFECB9C872DE}"
EndProject
Project("{8BC9CEB8-8B4A-11D0-8D11-00A0C91BC942}") = "ch03", "ch03\ch03.vcxproj", "{A27CE1D9-249E-4847-AFA2-7854117091EB}"
EndProject
Project("{8BC9CEB8-8B4A-11D0-8D11-00A0C91BC942}") = "ch04", "ch04\ch04.vcxproj", "{E38DE88E-656E-4C22-872A-F9DD0FB0463B}"
EndProject
Project("{8BC9CEB8-8B4A-11D0-8D11-00A0C91BC942}") = "ch05", "ch05\ch05.vcxproj", "{3A5221B4-A70E-40F4-9577-DD78B3E8A6C2}"
EndProject
Project("{8BC9CEB8-8B4A-11D0-8D11-00A0C91BC942}") = "ch06", "ch06\ch06.vcxproj", "{43DEF36B-7914-4CEF-A3D0-5A4E6BF5A011}"
EndProject
Project("{8BC9CEB8-8B4A-11D0-8D11-00A0C91BC942}") = "ch07", "ch07\ch07.vcxproj", "{67A40B1D-35D3-4035-AE91-C5D6693D96CD}"
EndProject
Project("{8BC9CEB8-8B4A-11D0-8D11-00A0C91BC942}") = "ch08", "ch08\ch08.vcxproj", "{CE18B0A7-D607-4119-8DD8-03D5B17489C2}"
EndProject
Project("{8BC9CEB8-8B4A-11D0-8D11-00A0C91BC942}") = "ch09", "ch09\ch09.vcxproj", "{031270C5-39DB-41C7-A022-73510A1D9B63}"
EndProject
Project("{8BC9CEB8-8B4A-11D0-8D11-00A0C91BC942}") = "ch10", "ch10\ch10.vcxproj", "{7088CD08-9047-4C5A-AC2C-7A511E1E0E53}"
EndProject
Project("{8BC9CEB8-8B4A-11D0-8D11-00A0C91BC942}") = "ch11", "ch11\ch11.vcxproj", "{23411CF9-4DAB-45AD-8827-5F652894EE84}"
EndProject
Project("{8BC9CEB8-8B4A-11D0-8D11-00A0C91BC942}") = "ch12", "ch12\ch12.vcxproj", "{342F5B58-F72C-4918-AC00-28494916FAEB}"
EndProject
Project("{8BC9CEB8-8B4A-11D0-8D11-00A0C91BC942}") = "ch13", "ch13\ch13.vcxproj", "{B5CF91AE-A20E-43BD-A3FA-1F1F0F35ED40}"
EndProject
Project("{8BC9CEB8-8B4A-11D0-8D11-00A0C91BC942}") = "ch14", "ch14\ch14.vcxproj", "{17DA0005-BE1D-430D-A3AE-7249AC925A2B}"
EndProject
Project("{8BC9CEB8-8B4A-11D0-8D11-00A0C91BC942}") = "ch15", "ch15\ch15.vcxproj", "{CF3B4D47-3311-497B-BD0E-A78F258A352F}"
EndProject
Project("{8BC9CEB8-8B4A-11D0-8D11-00A0C91BC942}") = "ch16", "ch16\ch16.vcxproj", "{46622EEE-47D4-46A1-948C-1C2C160A689E}"
EndProject
Project("{8BC9CEB8-8B4A-11D0-8D11-00A0C91BC942}") = "ch17", "ch17\ch17.vcxproj", "{D9CCB64D-BA26-403B-9A6F-8AC319F4D6F5}"
EndProject
Project("{8BC9CEB8-8B4A-11D0-8D11-00A0C91BC942}") = "ch18", "ch18\ch18.vcxproj", "{ECEE984A-A6C5-460A-9772-847E3B37AB8E}"
EndProject
Global
	GlobalSection(SolutionConfigurationPlatforms) = preSolution
		Debug|Win32 = Debug|Win32
		Release|Win32 = Release|Win32
	EndGlobalSection
	GlobalSection(ProjectConfigurationPlatforms) = postSolution
		{AD14E89F-0753-417B-B0B6-E7FFCF45D51D}.Debug|Win32.ActiveCfg = Debug|Win32
		{AD14E89F-0753-417B-B0B6-E7FFCF45D51D}.Debug|Win32.Build.0 = Debug|Win32
		{AD14E89F-0753-417B-B0B6-E7FFCF45D51D}.Release|Win32.ActiveCfg = Release|Win32
		{AD14E89F-0753-417B-B0B6-E7FFCF45D51D}.Release|Win32.Build.0 = Release|Win32
		{A61EC22F-4FBF-4869-AF1F-BFECB9C872DE}.Debug|Win32.ActiveCfg = Debug|Win32
		{A61EC22F-4FBF-4869-AF1F-BFECB9C872DE}.Debug|Win32.Build.0 = Debug|Win32
		{A61EC22F-4FBF-4869-AF1F-BFECB9C872DE}.Release|Win32.ActiveCfg = Release|Win32
		{A61EC22F-4FBF-4869-AF1F-BFECB9C872DE}.Release|Win32.Build.0 = Release|Win32
		{A27CE1D9-249E-4847-AFA2-7854117091EB}.Debug|Win32.ActiveCfg = Debug|Win32
		{A27CE1D9-249E-4847-AFA2-7854117091EB}.Debug|Win32.Build.0 = Debug|Win32
		{A27CE1D9-249E-4847-AFA2-7854117091EB}.Release|Win32.ActiveCfg = Release|Win32
		{A27CE1D9-249E-4847-AFA2-7854117091EB}.Release|Win32.Build.0 = Release|Win32
		{E38DE88E-656E-4C22-872A-F9DD0FB0463B}.Debug|Win32.ActiveCfg = Debug|Win32
		{E38DE88E-656E-4C22-872A-F9DD0FB0463B}.Debug|Win32.Build.0 = Debug|Win32
		{E38DE88E-656E-4C22-872A-F9DD0FB0463B}.Release|Win32.ActiveCfg = Release|Win32
		{E38DE88E-656E-4C22-872A-F9DD0FB0463B}.Release|Win32.Build.0 = Release|Win32
		{3A5221B4-A70E-40F4-9577-DD78B3E8A6C2}.Debug|Win32.ActiveCfg = Debug|Win32
		{3A5221B4-A70E-40F4-9577-DD78B3E8A6C2}.Debug|Win32.Build.0 = Debug|Win32
		{3A5221B4-A70E-40F4-9577-DD78B3E8A6C2}.Release|Win32.ActiveCfg = Release|Win32
		{3A5221B4-A70E-40F4-9577-DD78B3E8A6C2}.Release|Win32.Build.0 = Release|Win32
		{43DEF36B-7914-4CEF-A3D0-5A4E6BF5A011}.Debug|Win32.ActiveCfg = Debug|Win32
		{43DEF36B-7914-4CEF-A3D0-5A4E6BF5A011}.Debug|Win32.Build.0 = Debug|Win32
		{43DEF36B-7914-4CEF-A3D0-5A4E6BF5A011}.Release|Win32.ActiveCfg = Release|Win32
		{43DEF36B-7914-4CEF-A3D0-5A4E6BF5A011}.Release|Win32.Build.0 = Release|Win32
		{67A40B1D-35D3-4035-AE91-C5D6693D96CD}.Debug|Win32.ActiveCfg = Debug|Win32
		{67A40B1D-35D3-4035-AE91-C5D6693D96CD}.Debug|Win32.Build.0 = Debug|Win32
		{67A40B1D-35D3-4035-AE91-C5D6693D96CD}.Release|Win32.ActiveCfg = Release|Win32
		{67A40B1D-35D3-4035-AE91-C5D6693D96CD}.Release|Win32.Build.0 = Release|Win32
		{CE18B0A7-D607-4119-8DD8-03D5B17489C2}.Debug|Win32.ActiveCfg = Debug|Win32
		{CE18B0A7-D607-4119-8DD8-03D5B17489C2}.Debug|Win32.Build.0 = Debug|Win32
		{CE18B0A7-D607-4119-8DD8-03D5B17489C2}.Release|Win32.ActiveCfg = Release|Win32
		{CE18B0A7-D607-4119-8DD8-03D5B17489C2}.Release|Win32.Build.0 = Release|Win32
		{031270C5-39DB-41C7-A022-73510A1D9B63}.Debug|Win32.ActiveCfg = Debug|Win32
		{031270C5-39DB-41C7-A022-73510A1D9B63}.Debug|Win32.Build.0 = Debug|Win32
		{031270C5-39DB-41C7-A022-73510A1D9B63}.Release|Win32.ActiveCfg = Release|Win32
		{031270C5-39DB-41C7-A022-73510A1D9B63}.Release|Win32.Build.0 = Release|Win32
		{7088CD08-9047-4C5A-AC2C-7A511E1E0E53}.Debug|Win32.ActiveCfg = Debug|Win32
		{7088CD08-9047-4C5A-AC2C-7A511E1E0E53}.Debug|Win32.Build.0 = Debug|Win32
		{7088CD08-9047-4C5A-AC2C-7A511E1E0E53}.Release|Win32.ActiveCfg = Release|Win32
		{7088CD08-9047-4C5A-AC2C-7A511E1E0E53}.Release|Win32.Build.0 = Release|Win32
		{23411CF9-4DAB-45AD-8827-5F652894EE84}.Debug|Win32.ActiveCfg = Debug|Win32
		{23411CF9-4DAB-45AD-8827-5F652894EE84}.Debug|Win32.Build.0 = Debug|Win32
		{23411CF9-4DAB-45AD-8827-5F652894EE84}.Release|Win32.ActiveCfg = Release|Win32
		{23411CF9-4DAB-45AD-8827-5F652894EE84}.Release|Win32.Build.0 = Release|Win32
		{342F5B58-F72C-4918-AC00-28494916FAEB}.Debug|Win32.ActiveCfg = Debug|Win32
		{342F5B58-F72C-4918-AC00-28494916FAEB}.Debug|Win32.Build.0 = Debug|Win32
		{342F5B58-F72C-4918-AC00-28494916FAEB}.Release|Win32.ActiveCfg = Release|Win32
		{342F5B58-F72C-4918-AC00-28494916FAEB}.Release|Win32.Build.0 = Release|Win32
		{B5CF91AE-A20E-43BD-A3FA-1F1F0F35ED40}.Debug|Win32.ActiveCfg = Debug|Win32
		{B5CF91AE-A20E-43BD-A3FA-1F1F0F35ED40}.Debug|Win32.Build.0 = Debug|Win32
		{B5CF91AE-A20E-43BD-A3FA-1F1F0F35ED40}.Release|Win32.ActiveCfg = Release|Win32
		{B5CF91AE-A20E-43BD-A3FA-1F1F0F35ED40}.Release|Win32.Build.0 = Release|Win32
		{17DA0005-BE1D-430D-A3AE-7249AC925A2B}.Debug|Win32.ActiveCfg = Debug|Win32
		{17DA0005-BE1D-430D-A3AE-7249AC925A2B}.Debug|Win32.Build.0 = Debug|Win32
		{17DA0005-BE1D-430D-A3AE-7249AC925A2B}.Release|Win32.ActiveCfg = Release|Win32
		{17DA0005-BE1D-430D-A3AE-7249AC925A2B}.Release|Win32.Build.0 = Release|Win32
		{CF3B4D47-3311-497B-BD0E-A78F258A352F}.Debug|Win32.ActiveCfg = Debug|Win32
		{CF3B4D47-3311-497B-BD0E-A78F258A352F}.Debug|Win32.Build.0 = Debug|Win32
		{CF3B4D47-3311-497B-BD0E-A78F258A352F}.Release|Win32.ActiveCfg = Release|Win32
		{CF3B4D47-3311-497B-BD0E-A78F258A352F}.Release|Win32.Build.0 = Release|Win32
		{46622EEE-47D4-46A1-948C-1C2C160A689E}.Debug|Win32.ActiveCfg = Debug|Win32
		{46622EEE-47D4-46A1-948C-1C2C160A689E}.Debug|Win32.Build.0 = Debug|Win32
		{46622EEE-47D4-46A1-948C-1C2C160A689E}.Release|Win32.ActiveCfg = Release|Win32
		{46622EEE-47D4-46A1-948C-1C2C160A689E}.Release|Win32.Build.0 = Release|Win32
		{D9CCB64D-BA26-403B-9A6F-8AC319F4D6F5}.Debug|Win32.ActiveCfg = Debug|Win32
		{D9CCB64D-BA26-403B-9A6F-8AC319F4D6F5}.Debug|Win32.Build.0 = Debug|Win32
		{D9CCB64D-BA26-403B-9A6F-8AC319F4D6F5}.Release|Win32.ActiveCfg = Release|Win32
		{D9CCB64D-BA26-403B-9A6F-8AC319F4D6F5}.Release|Win32.Build.0 = Release|Win32
		{ECEE984A-A6C5-460A-9772-847E3B37AB8E}.Debug|Win32.ActiveCfg = Debug|Win32
		{ECEE984A-A6C5-460A-9772-847E3B37AB8E}.Debug|Win32.Build.0 = Debug|Win32
		{ECEE984A-A6C5-460A-9772-847E3B37AB8E}.Release|Win32.ActiveCfg = Release|Win32
		{ECEE984A-A6C5-460A-9772-847E3B37AB8E}.Release|Win32.Build.0 = Release|Win32
	EndGlobalSection
	GlobalSection(SolutionProperties) = preSolution
		HideSolutionNode = FALSE
	EndGlobalSection
EndGlobal
