<?xml version="1.0" encoding="utf-8"?>
<Project ToolsVersion="4.0" xmlns="http://schemas.microsoft.com/developer/msbuild/2003">
  <ItemGroup>
    <ClCompile Include="$(ProjectDir)/../../../include/$(ProjectName)/ex1_2.hpp"><Filter>include</Filter></ClCompile>
    <ClCompile Include="$(ProjectDir)/../../../include/$(ProjectName)/ex1_3.hpp"><Filter>include</Filter></ClCompile>
    <ClCompile Include="$(ProjectDir)/../../../include/$(ProjectName)/ex1_4.hpp"><Filter>include</Filter></ClCompile>
    <ClCompile Include="$(ProjectDir)/../../../include/$(ProjectName)/ex1_5.hpp"><Filter>include</Filter></ClCompile>
    <ClCompile Include="$(ProjectDir)/../../../include/$(ProjectName)/ex1_6.hpp"><Filter>include</Filter></ClCompile>
    <ClCompile Include="$(ProjectDir)/../../../include/$(ProjectName)/ex1_7.hpp"><Filter>include</Filter></ClCompile>
    <ClCompile Include="$(ProjectDir)/../../../include/$(ProjectName)/ex1_8.hpp"><Filter>include</Filter></ClCompile>
    <ClCompile Include="$(ProjectDir)/../../../src/$(ProjectName)/ex1_2.cpp"><Filter>src</Filter></ClCompile>
    <ClCompile Include="$(ProjectDir)/../../../src/$(ProjectName)/ex1_3.cpp"><Filter>src</Filter></ClCompile>
    <ClCompile Include="$(ProjectDir)/../../../src/$(ProjectName)/ex1_4.cpp"><Filter>src</Filter></ClCompile>
    <ClCompile Include="$(ProjectDir)/../../../src/$(ProjectName)/ex1_5.cpp"><Filter>src</Filter></ClCompile>
    <ClCompile Include="$(ProjectDir)/../../../src/$(ProjectName)/ex1_6.cpp"><Filter>src</Filter></ClCompile>
    <ClCompile Include="$(ProjectDir)/../../../src/$(ProjectName)/ex1_7.cpp"><Filter>src</Filter></ClCompile>
    <ClCompile Include="$(ProjectDir)/../../../src/$(ProjectName)/ex1_8.cpp"><Filter>src</Filter></ClCompile>
    <ClCompile Include="$(ProjectDir)/../../../src/$(ProjectName)/main.cpp"><Filter>src</Filter></ClCompile>
    <ClCompile Include="$(ProjectDir)/../../../include/$(ProjectName)/ex1_1.hpp"><Filter>include</Filter></ClCompile>
    <ClCompile Include="$(ProjectDir)/../../../src/$(ProjectName)/ex1_1.cpp"><Filter>src</Filter></ClCompile>
  </ItemGroup>
  <ItemGroup>
    <Filter Include="include">
      <UniqueIdentifier>{9e82d0d2-8d96-498d-bdfe-d445e9541dc0}</UniqueIdentifier>
    </Filter>
    <Filter Include="src">
      <UniqueIdentifier>{bbaa5e0d-8f89-4748-946f-56140e97d584}</UniqueIdentifier>
    </Filter>
  </ItemGroup>
</Project>