<?xml version="1.0" encoding="utf-8"?>
<Project ToolsVersion="12.0" xmlns="http://schemas.microsoft.com/developer/msbuild/2003">
  <ItemGroup>
    <ClCompile Include="$(ProjectDir)/../../../src/$(ProjectName)/ex18_1.cpp"><Filter>src</Filter></ClCompile>
    <ClCompile Include="$(ProjectDir)/../../../src/$(ProjectName)/ex18_2.cpp"><Filter>src</Filter></ClCompile>
    <ClCompile Include="$(ProjectDir)/../../../src/$(ProjectName)/ex18_3.cpp"><Filter>src</Filter></ClCompile>
    <ClCompile Include="$(ProjectDir)/../../../src/$(ProjectName)/ex18_4.cpp"><Filter>src</Filter></ClCompile>
    <ClCompile Include="$(ProjectDir)/../../../src/$(ProjectName)/ex18_5.cpp"><Filter>src</Filter></ClCompile>
    <ClCompile Include="$(ProjectDir)/../../../src/$(ProjectName)/ex18_6.cpp"><Filter>src</Filter></ClCompile>
    <ClCompile Include="$(ProjectDir)/../../../src/$(ProjectName)/ex18_7.cpp"><Filter>src</Filter></ClCompile>
    <ClCompile Include="$(ProjectDir)/../../../src/$(ProjectName)/ex18_8.cpp"><Filter>src</Filter></ClCompile>
    <ClCompile Include="$(ProjectDir)/../../../src/$(ProjectName)/ex18_9.cpp"><Filter>src</Filter></ClCompile>
    <ClCompile Include="$(ProjectDir)/../../../src/$(ProjectName)/ex18_10.cpp"><Filter>src</Filter></ClCompile>
    <ClCompile Include="$(ProjectDir)/../../../src/$(ProjectName)/ex18_11.cpp"><Filter>src</Filter></ClCompile>
    <ClCompile Include="$(ProjectDir)/../../../src/$(ProjectName)/ex18_12.cpp"><Filter>src</Filter></ClCompile>
    <ClCompile Include="$(ProjectDir)/../../../src/$(ProjectName)/ex18_13.cpp"><Filter>src</Filter></ClCompile>
    <ClCompile Include="$(ProjectDir)/../../../src/$(ProjectName)/main.cpp"><Filter>src</Filter></ClCompile>
    <ClCompile Include="$(ProjectDir)/../../../include/$(ProjectName)/ex18_1.hpp"><Filter>include</Filter></ClCompile>
    <ClCompile Include="$(ProjectDir)/../../../include/$(ProjectName)/ex18_2.hpp"><Filter>include</Filter></ClCompile>
    <ClCompile Include="$(ProjectDir)/../../../include/$(ProjectName)/ex18_3.hpp"><Filter>include</Filter></ClCompile>
    <ClCompile Include="$(ProjectDir)/../../../include/$(ProjectName)/ex18_4.hpp"><Filter>include</Filter></ClCompile>
    <ClCompile Include="$(ProjectDir)/../../../include/$(ProjectName)/ex18_5.hpp"><Filter>include</Filter></ClCompile>
    <ClCompile Include="$(ProjectDir)/../../../include/$(ProjectName)/ex18_6.hpp"><Filter>include</Filter></ClCompile>
    <ClCompile Include="$(ProjectDir)/../../../include/$(ProjectName)/ex18_7.hpp"><Filter>include</Filter></ClCompile>
    <ClCompile Include="$(ProjectDir)/../../../include/$(ProjectName)/ex18_8.hpp"><Filter>include</Filter></ClCompile>
    <ClCompile Include="$(ProjectDir)/../../../include/$(ProjectName)/ex18_9.hpp"><Filter>include</Filter></ClCompile>
    <ClCompile Include="$(ProjectDir)/../../../include/$(ProjectName)/ex18_10.hpp"><Filter>include</Filter></ClCompile>
    <ClCompile Include="$(ProjectDir)/../../../include/$(ProjectName)/ex18_11.hpp"><Filter>include</Filter></ClCompile>
    <ClCompile Include="$(ProjectDir)/../../../include/$(ProjectName)/ex18_12.hpp"><Filter>include</Filter></ClCompile>
    <ClCompile Include="$(ProjectDir)/../../../include/$(ProjectName)/ex18_13.hpp"><Filter>include</Filter></ClCompile>
  </ItemGroup>
  <ItemGroup>
    <Filter Include="include">
      <UniqueIdentifier>{9480e7d8-114d-4272-a23f-b7f65a325d13}</UniqueIdentifier>
    </Filter>
    <Filter Include="src">
      <UniqueIdentifier>{97b1d1b3-f726-4316-9346-8dd19205632a}</UniqueIdentifier>
    </Filter>
  </ItemGroup>
</Project>